
Microsoft Visual Studio Solution File, Format Version 12.00
# Visual Studio 15
VisualStudioVersion = 15.0.27428.2037
MinimumVisualStudioVersion = 10.0.40219.1
Project("{FAE04EC0-301F-11D3-BF4B-00C04F79EFBC}") = "HideluzEstacionamentos", "HideluzEstacionamentos\HideluzEstacionamentos.csproj", "{3D2ADACC-BD27-4A70-B37C-01C0E74E96B6}"
EndProject
Global
	GlobalSection(SolutionConfigurationPlatforms) = preSolution
		Debug|Any CPU = Debug|Any CPU
		Release|Any CPU = Release|Any CPU
	EndGlobalSection
	GlobalSection(ProjectConfigurationPlatforms) = postSolution
		{3D2ADACC-BD27-4A70-B37C-01C0E74E96B6}.Debug|Any CPU.ActiveCfg = Debug|Any CPU
		{3D2ADACC-BD27-4A70-B37C-01C0E74E96B6}.Debug|Any CPU.Build.0 = Debug|Any CPU
		{3D2ADACC-BD27-4A70-B37C-01C0E74E96B6}.Release|Any CPU.ActiveCfg = Release|Any CPU
		{3D2ADACC-BD27-4A70-B37C-01C0E74E96B6}.Release|Any CPU.Build.0 = Release|Any CPU
	EndGlobalSection
	GlobalSection(SolutionProperties) = preSolution
		HideSolutionNode = FALSE
	EndGlobalSection
	GlobalSection(ExtensibilityGlobals) = postSolution
		SolutionGuid = {811D6093-7E11-4FC2-BCAC-EAACE71CF339}
	EndGlobalSection
EndGlobal
